
Microsoft Visual Studio Solution File, Format Version 12.00
# Visual Studio Version 16
VisualStudioVersion = 16.0.29519.181
MinimumVisualStudioVersion = 10.0.40219.1
Project("{FAE04EC0-301F-11D3-BF4B-00C04F79EFBC}") = "CheckBox_Changed", "CheckBox_Changed\CheckBox_Changed.csproj", "{33CA910E-B366-432E-844B-E18CB352D0CA}"
EndProject
Global
	GlobalSection(SolutionConfigurationPlatforms) = preSolution
		Debug|Any CPU = Debug|Any CPU
		Release|Any CPU = Release|Any CPU
	EndGlobalSection
	GlobalSection(ProjectConfigurationPlatforms) = postSolution
		{33CA910E-B366-432E-844B-E18CB352D0CA}.Debug|Any CPU.ActiveCfg = Debug|Any CPU
		{33CA910E-B366-432E-844B-E18CB352D0CA}.Debug|Any CPU.Build.0 = Debug|Any CPU
		{33CA910E-B366-432E-844B-E18CB352D0CA}.Release|Any CPU.ActiveCfg = Release|Any CPU
		{33CA910E-B366-432E-844B-E18CB352D0CA}.Release|Any CPU.Build.0 = Release|Any CPU
	EndGlobalSection
	GlobalSection(SolutionProperties) = preSolution
		HideSolutionNode = FALSE
	EndGlobalSection
	GlobalSection(ExtensibilityGlobals) = postSolution
		SolutionGuid = {26063B07-1103-4EA7-B110-89B809E9C8CF}
	EndGlobalSection
EndGlobal
